
Microsoft Visual Studio Solution File, Format Version 12.00
# Visual Studio Version 17
VisualStudioVersion = 17.9.34607.119
MinimumVisualStudioVersion = 10.0.40219.1
Project("{FAE04EC0-301F-11D3-BF4B-00C04F79EFBC}") = "SpanishFootballChampionship", "SpanishFootballChampionship\SpanishFootballChampionship.csproj", "{DCC153CA-F5C2-4B3E-9E87-4935B0B92C37}"
EndProject
Project("{FAE04EC0-301F-11D3-BF4B-00C04F79EFBC}") = "SpanishFootballChampionship.DAL", "SpanishFootballChampionship.DAL\SpanishFootballChampionship.DAL.csproj", "{1A728E84-0A28-483D-8244-FFC7169AB474}"
EndProject
Global
	GlobalSection(SolutionConfigurationPlatforms) = preSolution
		Debug|Any CPU = Debug|Any CPU
		Release|Any CPU = Release|Any CPU
	EndGlobalSection
	GlobalSection(ProjectConfigurationPlatforms) = postSolution
		{DCC153CA-F5C2-4B3E-9E87-4935B0B92C37}.Debug|Any CPU.ActiveCfg = Debug|Any CPU
		{DCC153CA-F5C2-4B3E-9E87-4935B0B92C37}.Debug|Any CPU.Build.0 = Debug|Any CPU
		{DCC153CA-F5C2-4B3E-9E87-4935B0B92C37}.Release|Any CPU.ActiveCfg = Release|Any CPU
		{DCC153CA-F5C2-4B3E-9E87-4935B0B92C37}.Release|Any CPU.Build.0 = Release|Any CPU
		{1A728E84-0A28-483D-8244-FFC7169AB474}.Debug|Any CPU.ActiveCfg = Debug|Any CPU
		{1A728E84-0A28-483D-8244-FFC7169AB474}.Debug|Any CPU.Build.0 = Debug|Any CPU
		{1A728E84-0A28-483D-8244-FFC7169AB474}.Release|Any CPU.ActiveCfg = Release|Any CPU
		{1A728E84-0A28-483D-8244-FFC7169AB474}.Release|Any CPU.Build.0 = Release|Any CPU
	EndGlobalSection
	GlobalSection(SolutionProperties) = preSolution
		HideSolutionNode = FALSE
	EndGlobalSection
	GlobalSection(ExtensibilityGlobals) = postSolution
		SolutionGuid = {6CC60A5A-E34E-4B26-B47A-FB13B701E165}
	EndGlobalSection
EndGlobal
